
Microsoft Visual Studio Solution File, Format Version 12.00
# Visual Studio Version 17
VisualStudioVersion = 17.13.35806.99 d17.13
MinimumVisualStudioVersion = 10.0.40219.1
Project("{FAE04EC0-301F-11D3-BF4B-00C04F79EFBC}") = "DemiTicket", "DemiTicket.csproj", "{9CCB3BD3-545F-49FF-BCCD-42D5A4873544}"
EndProject
Global
	GlobalSection(SolutionConfigurationPlatforms) = preSolution
		Debug|Any CPU = Debug|Any CPU
		Release|Any CPU = Release|Any CPU
	EndGlobalSection
	GlobalSection(ProjectConfigurationPlatforms) = postSolution
		{9CCB3BD3-545F-49FF-BCCD-42D5A4873544}.Debug|Any CPU.ActiveCfg = Debug|Any CPU
		{9CCB3BD3-545F-49FF-BCCD-42D5A4873544}.Debug|Any CPU.Build.0 = Debug|Any CPU
		{9CCB3BD3-545F-49FF-BCCD-42D5A4873544}.Release|Any CPU.ActiveCfg = Release|Any CPU
		{9CCB3BD3-545F-49FF-BCCD-42D5A4873544}.Release|Any CPU.Build.0 = Release|Any CPU
	EndGlobalSection
	GlobalSection(SolutionProperties) = preSolution
		HideSolutionNode = FALSE
	EndGlobalSection
	GlobalSection(ExtensibilityGlobals) = postSolution
		SolutionGuid = {8F784717-FA76-43F8-8749-5ADBB3409A9D}
	EndGlobalSection
EndGlobal
